// !$*UTF8*$!
{
	archiveVersion = 1;
	classes = {
	};
	objectVersion = 48;
	objects = {

/* Begin PBXBuildFile section */
		7B3EAEE80A3B02AB98975FFE /* Pods_WeatherGift.framework in Frameworks */ = {isa = PBXBuildFile; fileRef = CFAD2B98624B63346C0B3480 /* Pods_WeatherGift.framework */; };
		B740F9101F9FADD300653BAA /* WeatherLocation.swift in Sources */ = {isa = PBXBuildFile; fileRef = B740F90F1F9FADD300653BAA /* WeatherLocation.swift */; };
		B740F9121F9FC85100653BAA /* Constants.swift in Sources */ = {isa = PBXBuildFile; fileRef = B740F9111F9FC85100653BAA /* Constants.swift */; };
		B7658ECF1FA8F2020083EE87 /* DayWeatherCell.swift in Sources */ = {isa = PBXBuildFile; fileRef = B7658ECE1FA8F2020083EE87 /* DayWeatherCell.swift */; };
		B7790D151FB232E700C3F532 /* TimeInterval+Format.swift in Sources */ = {isa = PBXBuildFile; fileRef = B7790D141FB232E700C3F532 /* TimeInterval+Format.swift */; };
		B7F053F11F967E8B002B719B /* PageVC.swift in Sources */ = {isa = PBXBuildFile; fileRef = B7F053F01F967E8B002B719B /* PageVC.swift */; };
		B7FAD2741F967072002A2363 /* AppDelegate.swift in Sources */ = {isa = PBXBuildFile; fileRef = B7FAD2731F967072002A2363 /* AppDelegate.swift */; };
		B7FAD2791F967072002A2363 /* Main.storyboard in Resources */ = {isa = PBXBuildFile; fileRef = B7FAD2771F967072002A2363 /* Main.storyboard */; };
		B7FAD27B1F967072002A2363 /* Assets.xcassets in Resources */ = {isa = PBXBuildFile; fileRef = B7FAD27A1F967072002A2363 /* Assets.xcassets */; };
		B7FAD27E1F967072002A2363 /* LaunchScreen.storyboard in Resources */ = {isa = PBXBuildFile; fileRef = B7FAD27C1F967072002A2363 /* LaunchScreen.storyboard */; };
		B7FAD2861F967149002A2363 /* DetailVC.swift in Sources */ = {isa = PBXBuildFile; fileRef = B7FAD2851F967149002A2363 /* DetailVC.swift */; };
		B7FAD2881F9676DB002A2363 /* ListVC.swift in Sources */ = {isa = PBXBuildFile; fileRef = B7FAD2871F9676DB002A2363 /* ListVC.swift */; };
/* End PBXBuildFile section */

/* Begin PBXFileReference section */
		B740F90F1F9FADD300653BAA /* WeatherLocation.swift */ = {isa = PBXFileReference; lastKnownFileType = sourcecode.swift; path = WeatherLocation.swift; sourceTree = "<group>"; };
		B740F9111F9FC85100653BAA /* Constants.swift */ = {isa = PBXFileReference; lastKnownFileType = sourcecode.swift; path = Constants.swift; sourceTree = "<group>"; };
		B7658ECE1FA8F2020083EE87 /* DayWeatherCell.swift */ = {isa = PBXFileReference; lastKnownFileType = sourcecode.swift; path = DayWeatherCell.swift; sourceTree = "<group>"; };
		B7790D141FB232E700C3F532 /* TimeInterval+Format.swift */ = {isa = PBXFileReference; lastKnownFileType = sourcecode.swift; path = "TimeInterval+Format.swift"; sourceTree = "<group>"; };
		B7F053F01F967E8B002B719B /* PageVC.swift */ = {isa = PBXFileReference; lastKnownFileType = sourcecode.swift; path = PageVC.swift; sourceTree = "<group>"; };
		B7FAD2701F967072002A2363 /* WeatherGift.app */ = {isa = PBXFileReference; explicitFileType = wrapper.application; includeInIndex = 0; path = WeatherGift.app; sourceTree = BUILT_PRODUCTS_DIR; };
		B7FAD2731F967072002A2363 /* AppDelegate.swift */ = {isa = PBXFileReference; lastKnownFileType = sourcecode.swift; path = AppDelegate.swift; sourceTree = "<group>"; };
		B7FAD2781F967072002A2363 /* Base */ = {isa = PBXFileReference; lastKnownFileType = file.storyboard; name = Base; path = Base.lproj/Main.storyboard; sourceTree = "<group>"; };
		B7FAD27A1F967072002A2363 /* Assets.xcassets */ = {isa = PBXFileReference; lastKnownFileType = folder.assetcatalog; path = Assets.xcassets; sourceTree = "<group>"; };
		B7FAD27D1F967072002A2363 /* Base */ = {isa = PBXFileReference; lastKnownFileType = file.storyboard; name = Base; path = Base.lproj/LaunchScreen.storyboard; sourceTree = "<group>"; };
		B7FAD27F1F967072002A2363 /* Info.plist */ = {isa = PBXFileReference; lastKnownFileType = text.plist.xml; path = Info.plist; sourceTree = "<group>"; };
		B7FAD2851F967149002A2363 /* DetailVC.swift */ = {isa = PBXFileReference; lastKnownFileType = sourcecode.swift; path = DetailVC.swift; sourceTree = "<group>"; };
		B7FAD2871F9676DB002A2363 /* ListVC.swift */ = {isa = PBXFileReference; lastKnownFileType = sourcecode.swift; path = ListVC.swift; sourceTree = "<group>"; };
		B9ED893DFCAA31481A46B2CC /* Pods-WeatherGift.release.xcconfig */ = {isa = PBXFileReference; includeInIndex = 1; lastKnownFileType = text.xcconfig; name = "Pods-WeatherGift.release.xcconfig"; path = "Pods/Target Support Files/Pods-WeatherGift/Pods-WeatherGift.release.xcconfig"; sourceTree = "<group>"; };
		CFAD2B98624B63346C0B3480 /* Pods_WeatherGift.framework */ = {isa = PBXFileReference; explicitFileType = wrapper.framework; includeInIndex = 0; path = Pods_WeatherGift.framework; sourceTree = BUILT_PRODUCTS_DIR; };
		EE41FC9806FBD1743D335104 /* Pods-WeatherGift.debug.xcconfig */ = {isa = PBXFileReference; includeInIndex = 1; lastKnownFileType = text.xcconfig; name = "Pods-WeatherGift.debug.xcconfig"; path = "Pods/Target Support Files/Pods-WeatherGift/Pods-WeatherGift.debug.xcconfig"; sourceTree = "<group>"; };
/* End PBXFileReference section */

/* Begin PBXFrameworksBuildPhase section */
		B7FAD26D1F967072002A2363 /* Frameworks */ = {
			isa = PBXFrameworksBuildPhase;
			buildActionMask = 2147483647;
			files = (
				7B3EAEE80A3B02AB98975FFE /* Pods_WeatherGift.framework in Frameworks */,
			);
			runOnlyForDeploymentPostprocessing = 0;
		};
/* End PBXFrameworksBuildPhase section */

/* Begin PBXGroup section */
		787800E3EB220EA6E3ADFDA6 /* Pods */ = {
			isa = PBXGroup;
			children = (
				EE41FC9806FBD1743D335104 /* Pods-WeatherGift.debug.xcconfig */,
				B9ED893DFCAA31481A46B2CC /* Pods-WeatherGift.release.xcconfig */,
			);
			name = Pods;
			sourceTree = "<group>";
		};
		7ECA8281FBBB78CD5AC197B7 /* Frameworks */ = {
			isa = PBXGroup;
			children = (
				CFAD2B98624B63346C0B3480 /* Pods_WeatherGift.framework */,
			);
			name = Frameworks;
			sourceTree = "<group>";
		};
		B7FAD2671F967072002A2363 = {
			isa = PBXGroup;
			children = (
				B7FAD2721F967072002A2363 /* WeatherGift */,
				B7FAD2711F967072002A2363 /* Products */,
				787800E3EB220EA6E3ADFDA6 /* Pods */,
				7ECA8281FBBB78CD5AC197B7 /* Frameworks */,
			);
			sourceTree = "<group>";
		};
		B7FAD2711F967072002A2363 /* Products */ = {
			isa = PBXGroup;
			children = (
				B7FAD2701F967072002A2363 /* WeatherGift.app */,
			);
			name = Products;
			sourceTree = "<group>";
		};
		B7FAD2721F967072002A2363 /* WeatherGift */ = {
			isa = PBXGroup;
			children = (
				B7FAD2731F967072002A2363 /* AppDelegate.swift */,
				B740F90F1F9FADD300653BAA /* WeatherLocation.swift */,
				B7F053F01F967E8B002B719B /* PageVC.swift */,
				B7FAD2851F967149002A2363 /* DetailVC.swift */,
				B7658ECE1FA8F2020083EE87 /* DayWeatherCell.swift */,
				B7790D141FB232E700C3F532 /* TimeInterval+Format.swift */,
				B7FAD2871F9676DB002A2363 /* ListVC.swift */,
				B740F9111F9FC85100653BAA /* Constants.swift */,
				B7FAD2771F967072002A2363 /* Main.storyboard */,
				B7FAD27A1F967072002A2363 /* Assets.xcassets */,
				B7FAD27C1F967072002A2363 /* LaunchScreen.storyboard */,
				B7FAD27F1F967072002A2363 /* Info.plist */,
			);
			path = WeatherGift;
			sourceTree = "<group>";
		};
/* End PBXGroup section */

/* Begin PBXNativeTarget section */
		B7FAD26F1F967072002A2363 /* WeatherGift */ = {
			isa = PBXNativeTarget;
			buildConfigurationList = B7FAD2821F967072002A2363 /* Build configuration list for PBXNativeTarget "WeatherGift" */;
			buildPhases = (
				B3A31E4D2ED4CAB1256BB27B /* [CP] Check Pods Manifest.lock */,
				B7FAD26C1F967072002A2363 /* Sources */,
				B7FAD26D1F967072002A2363 /* Frameworks */,
				B7FAD26E1F967072002A2363 /* Resources */,
				08032AD14A8010D4D6C9A643 /* [CP] Embed Pods Frameworks */,
				45ABBB947E006EF1E1BAAFEA /* [CP] Copy Pods Resources */,
			);
			buildRules = (
			);
			dependencies = (
			);
			name = WeatherGift;
			productName = WeatherGift;
			productReference = B7FAD2701F967072002A2363 /* WeatherGift.app */;
			productType = "com.apple.product-type.application";
		};
/* End PBXNativeTarget section */

/* Begin PBXProject section */
		B7FAD2681F967072002A2363 /* Project object */ = {
			isa = PBXProject;
			attributes = {
				LastSwiftUpdateCheck = 0900;
				LastUpgradeCheck = 0900;
				ORGANIZATIONNAME = "Marc Marlotte";
				TargetAttributes = {
					B7FAD26F1F967072002A2363 = {
						CreatedOnToolsVersion = 9.0;
						ProvisioningStyle = Automatic;
					};
				};
			};
			buildConfigurationList = B7FAD26B1F967072002A2363 /* Build configuration list for PBXProject "WeatherGift" */;
			compatibilityVersion = "Xcode 8.0";
			developmentRegion = en;
			hasScannedForEncodings = 0;
			knownRegions = (
				en,
				Base,
			);
			mainGroup = B7FAD2671F967072002A2363;
			productRefGroup = B7FAD2711F967072002A2363 /* Products */;
			projectDirPath = "";
			projectRoot = "";
			targets = (
				B7FAD26F1F967072002A2363 /* WeatherGift */,
			);
		};
/* End PBXProject section */

/* Begin PBXResourcesBuildPhase section */
		B7FAD26E1F967072002A2363 /* Resources */ = {
			isa = PBXResourcesBuildPhase;
			buildActionMask = 2147483647;
			files = (
				B7FAD27E1F967072002A2363 /* LaunchScreen.storyboard in Resources */,
				B7FAD27B1F967072002A2363 /* Assets.xcassets in Resources */,
				B7FAD2791F967072002A2363 /* Main.storyboard in Resources */,
			);
			runOnlyForDeploymentPostprocessing = 0;
		};
/* End PBXResourcesBuildPhase section */

/* Begin PBXShellScriptBuildPhase section */
		08032AD14A8010D4D6C9A643 /* [CP] Embed Pods Frameworks */ = {
			isa = PBXShellScriptBuildPhase;
			buildActionMask = 2147483647;
			files = (
			);
			inputPaths = (
				"${SRCROOT}/Pods/Target Support Files/Pods-WeatherGift/Pods-WeatherGift-frameworks.sh",
				"${BUILT_PRODUCTS_DIR}/Alamofire/Alamofire.framework",
				"${BUILT_PRODUCTS_DIR}/SwiftyJSON/SwiftyJSON.framework",
			);
			name = "[CP] Embed Pods Frameworks";
			outputPaths = (
				"${TARGET_BUILD_DIR}/${FRAMEWORKS_FOLDER_PATH}/Alamofire.framework",
				"${TARGET_BUILD_DIR}/${FRAMEWORKS_FOLDER_PATH}/SwiftyJSON.framework",
			);
			runOnlyForDeploymentPostprocessing = 0;
			shellPath = /bin/sh;
			shellScript = "\"${SRCROOT}/Pods/Target Support Files/Pods-WeatherGift/Pods-WeatherGift-frameworks.sh\"\n";
			showEnvVarsInLog = 0;
		};
		45ABBB947E006EF1E1BAAFEA /* [CP] Copy Pods Resources */ = {
			isa = PBXShellScriptBuildPhase;
			buildActionMask = 2147483647;
			files = (
			);
			inputPaths = (
				"${SRCROOT}/Pods/Target Support Files/Pods-WeatherGift/Pods-WeatherGift-resources.sh",
				"${PODS_ROOT}/GooglePlaces/Frameworks/GooglePlaces.framework/Resources/GooglePlaces.bundle",
			);
			name = "[CP] Copy Pods Resources";
			outputPaths = (
				"${TARGET_BUILD_DIR}/${UNLOCALIZED_RESOURCES_FOLDER_PATH}",
			);
			runOnlyForDeploymentPostprocessing = 0;
			shellPath = /bin/sh;
			shellScript = "\"${SRCROOT}/Pods/Target Support Files/Pods-WeatherGift/Pods-WeatherGift-resources.sh\"\n";
			showEnvVarsInLog = 0;
		};
		B3A31E4D2ED4CAB1256BB27B /* [CP] Check Pods Manifest.lock */ = {
			isa = PBXShellScriptBuildPhase;
			buildActionMask = 2147483647;
			files = (
			);
			inputPaths = (
				"${PODS_PODFILE_DIR_PATH}/Podfile.lock",
				"${PODS_ROOT}/Manifest.lock",
			);
			name = "[CP] Check Pods Manifest.lock";
			outputPaths = (
				"$(DERIVED_FILE_DIR)/Pods-WeatherGift-checkManifestLockResult.txt",
			);
			runOnlyForDeploymentPostprocessing = 0;
			shellPath = /bin/sh;
			shellScript = "diff \"${PODS_PODFILE_DIR_PATH}/Podfile.lock\" \"${PODS_ROOT}/Manifest.lock\" > /dev/null\nif [ $? != 0 ] ; then\n    # print error to STDERR\n    echo \"error: The sandbox is not in sync with the Podfile.lock. Run 'pod install' or update your CocoaPods installation.\" >&2\n    exit 1\nfi\n# This output is used by Xcode 'outputs' to avoid re-running this script phase.\necho \"SUCCESS\" > \"${SCRIPT_OUTPUT_FILE_0}\"\n";
			showEnvVarsInLog = 0;
		};
/* End PBXShellScriptBuildPhase section */

/* Begin PBXSourcesBuildPhase section */
		B7FAD26C1F967072002A2363 /* Sources */ = {
			isa = PBXSourcesBuildPhase;
			buildActionMask = 2147483647;
			files = (
				B7658ECF1FA8F2020083EE87 /* DayWeatherCell.swift in Sources */,
				B740F9101F9FADD300653BAA /* WeatherLocation.swift in Sources */,
				B7FAD2881F9676DB002A2363 /* ListVC.swift in Sources */,
				B7F053F11F967E8B002B719B /* PageVC.swift in Sources */,
				B7790D151FB232E700C3F532 /* TimeInterval+Format.swift in Sources */,
				B7FAD2741F967072002A2363 /* AppDelegate.swift in Sources */,
				B7FAD2861F967149002A2363 /* DetailVC.swift in Sources */,
				B740F9121F9FC85100653BAA /* Constants.swift in Sources */,
			);
			runOnlyForDeploymentPostprocessing = 0;
		};
/* End PBXSourcesBuildPhase section */

/* Begin PBXVariantGroup section */
		B7FAD2771F967072002A2363 /* Main.storyboard */ = {
			isa = PBXVariantGroup;
			children = (
				B7FAD2781F967072002A2363 /* Base */,
			);
			name = Main.storyboard;
			sourceTree = "<group>";
		};
		B7FAD27C1F967072002A2363 /* LaunchScreen.storyboard */ = {
			isa = PBXVariantGroup;
			children = (
				B7FAD27D1F967072002A2363 /* Base */,
			);
			name = LaunchScreen.storyboard;
			sourceTree = "<group>";
		};
/* End PBXVariantGroup section */

/* Begin XCBuildConfiguration section */
		B7FAD2801F967072002A2363 /* Debug */ = {
			isa = XCBuildConfiguration;
			buildSettings = {
				ALWAYS_SEARCH_USER_PATHS = NO;
				CLANG_ANALYZER_NONNULL = YES;
				CLANG_ANALYZER_NUMBER_OBJECT_CONVERSION = YES_AGGRESSIVE;
				CLANG_CXX_LANGUAGE_STANDARD = "gnu++14";
				CLANG_CXX_LIBRARY = "libc++";
				CLANG_ENABLE_MODULES = YES;
				CLANG_ENABLE_OBJC_ARC = YES;
				CLANG_WARN_BLOCK_CAPTURE_AUTORELEASING = YES;
				CLANG_WARN_BOOL_CONVERSION = YES;
				CLANG_WARN_COMMA = YES;
				CLANG_WARN_CONSTANT_CONVERSION = YES;
				CLANG_WARN_DIRECT_OBJC_ISA_USAGE = YES_ERROR;
				CLANG_WARN_DOCUMENTATION_COMMENTS = YES;
				CLANG_WARN_EMPTY_BODY = YES;
				CLANG_WARN_ENUM_CONVERSION = YES;
				CLANG_WARN_INFINITE_RECURSION = YES;
				CLANG_WARN_INT_CONVERSION = YES;
				CLANG_WARN_NON_LITERAL_NULL_CONVERSION = YES;
				CLANG_WARN_OBJC_LITERAL_CONVERSION = YES;
				CLANG_WARN_OBJC_ROOT_CLASS = YES_ERROR;
				CLANG_WARN_RANGE_LOOP_ANALYSIS = YES;
				CLANG_WARN_STRICT_PROTOTYPES = YES;
				CLANG_WARN_SUSPICIOUS_MOVE = YES;
				CLANG_WARN_UNGUARDED_AVAILABILITY = YES_AGGRESSIVE;
				CLANG_WARN_UNREACHABLE_CODE = YES;
				CLANG_WARN__DUPLICATE_METHOD_MATCH = YES;
				CODE_SIGN_IDENTITY = "iPhone Developer";
				COPY_PHASE_STRIP = NO;
				DEBUG_INFORMATION_FORMAT = dwarf;
				ENABLE_STRICT_OBJC_MSGSEND = YES;
				ENABLE_TESTABILITY = YES;
				GCC_C_LANGUAGE_STANDARD = gnu11;
				GCC_DYNAMIC_NO_PIC = NO;
				GCC_NO_COMMON_BLOCKS = YES;
				GCC_OPTIMIZATION_LEVEL = 0;
				GCC_PREPROCESSOR_DEFINITIONS = (
					"DEBUG=1",
					"$(inherited)",
				);
				GCC_WARN_64_TO_32_BIT_CONVERSION = YES;
				GCC_WARN_ABOUT_RETURN_TYPE = YES_ERROR;
				GCC_WARN_UNDECLARED_SELECTOR = YES;
				GCC_WARN_UNINITIALIZED_AUTOS = YES_AGGRESSIVE;
				GCC_WARN_UNUSED_FUNCTION = YES;
				GCC_WARN_UNUSED_VARIABLE = YES;
				IPHONEOS_DEPLOYMENT_TARGET = 11.0;
				MTL_ENABLE_DEBUG_INFO = YES;
				ONLY_ACTIVE_ARCH = YES;
				SDKROOT = iphoneos;
				SWIFT_ACTIVE_COMPILATION_CONDITIONS = DEBUG;
				SWIFT_OPTIMIZATION_LEVEL = "-Onone";
			};
			name = Debug;
		};
		B7FAD2811F967072002A2363 /* Release */ = {
			isa = XCBuildConfiguration;
			buildSettings = {
				ALWAYS_SEARCH_USER_PATHS = NO;
				CLANG_ANALYZER_NONNULL = YES;
				CLANG_ANALYZER_NUMBER_OBJECT_CONVERSION = YES_AGGRESSIVE;
				CLANG_CXX_LANGUAGE_STANDARD = "gnu++14";
				CLANG_CXX_LIBRARY = "libc++";
				CLANG_ENABLE_MODULES = YES;
				CLANG_ENABLE_OBJC_ARC = YES;
				CLANG_WARN_BLOCK_CAPTURE_AUTORELEASING = YES;
				CLANG_WARN_BOOL_CONVERSION = YES;
				CLANG_WARN_COMMA = YES;
				CLANG_WARN_CONSTANT_CONVERSION = YES;
				CLANG_WARN_DIRECT_OBJC_ISA_USAGE = YES_ERROR;
				CLANG_WARN_DOCUMENTATION_COMMENTS = YES;
				CLANG_WARN_EMPTY_BODY = YES;
				CLANG_WARN_ENUM_CONVERSION = YES;
				CLANG_WARN_INFINITE_RECURSION = YES;
				CLANG_WARN_INT_CONVERSION = YES;
				CLANG_WARN_NON_LITERAL_NULL_CONVERSION = YES;
				CLANG_WARN_OBJC_LITERAL_CONVERSION = YES;
				CLANG_WARN_OBJC_ROOT_CLASS = YES_ERROR;
				CLANG_WARN_RANGE_LOOP_ANALYSIS = YES;
				CLANG_WARN_STRICT_PROTOTYPES = YES;
				CLANG_WARN_SUSPICIOUS_MOVE = YES;
				CLANG_WARN_UNGUARDED_AVAILABILITY = YES_AGGRESSIVE;
				CLANG_WARN_UNREACHABLE_CODE = YES;
				CLANG_WARN__DUPLICATE_METHOD_MATCH = YES;
				CODE_SIGN_IDENTITY = "iPhone Developer";
				COPY_PHASE_STRIP = NO;
				DEBUG_INFORMATION_FORMAT = "dwarf-with-dsym";
				ENABLE_NS_ASSERTIONS = NO;
				ENABLE_STRICT_OBJC_MSGSEND = YES;
				GCC_C_LANGUAGE_STANDARD = gnu11;
				GCC_NO_COMMON_BLOCKS = YES;
				GCC_WARN_64_TO_32_BIT_CONVERSION = YES;
				GCC_WARN_ABOUT_RETURN_TYPE = YES_ERROR;
				GCC_WARN_UNDECLARED_SELECTOR = YES;
				GCC_WARN_UNINITIALIZED_AUTOS = YES_AGGRESSIVE;
				GCC_WARN_UNUSED_FUNCTION = YES;
				GCC_WARN_UNUSED_VARIABLE = YES;
				IPHONEOS_DEPLOYMENT_TARGET = 11.0;
				MTL_ENABLE_DEBUG_INFO = NO;
				SDKROOT = iphoneos;
				SWIFT_OPTIMIZATION_LEVEL = "-Owholemodule";
				VALIDATE_PRODUCT = YES;
			};
			name = Release;
		};
		B7FAD2831F967072002A2363 /* Debug */ = {
			isa = XCBuildConfiguration;
			baseConfigurationReference = EE41FC9806FBD1743D335104 /* Pods-WeatherGift.debug.xcconfig */;
			buildSettings = {
				ASSETCATALOG_COMPILER_APPICON_NAME = AppIcon;
				CODE_SIGN_STYLE = Automatic;
				INFOPLIST_FILE = WeatherGift/Info.plist;
				LD_RUNPATH_SEARCH_PATHS = "$(inherited) @executable_path/Frameworks";
				PRODUCT_BUNDLE_IDENTIFIER = "Marc-Marlotte.WeatherGift";
				PRODUCT_NAME = "$(TARGET_NAME)";
				SWIFT_VERSION = 4.0;
				TARGETED_DEVICE_FAMILY = "1,2";
			};
			name = Debug;
		};
		B7FAD2841F967072002A2363 /* Release */ = {
			isa = XCBuildConfiguration;
			baseConfigurationReference = B9ED893DFCAA31481A46B2CC /* Pods-WeatherGift.release.xcconfig */;
			buildSettings = {
				ASSETCATALOG_COMPILER_APPICON_NAME = AppIcon;
				CODE_SIGN_STYLE = Automatic;
				INFOPLIST_FILE = WeatherGift/Info.plist;
				LD_RUNPATH_SEARCH_PATHS = "$(inherited) @executable_path/Frameworks";
				PRODUCT_BUNDLE_IDENTIFIER = "Marc-Marlotte.WeatherGift";
				PRODUCT_NAME = "$(TARGET_NAME)";
				SWIFT_VERSION = 4.0;
				TARGETED_DEVICE_FAMILY = "1,2";
			};
			name = Release;
		};
/* End XCBuildConfiguration section */

/* Begin XCConfigurationList section */
		B7FAD26B1F967072002A2363 /* Build configuration list for PBXProject "WeatherGift" */ = {
			isa = XCConfigurationList;
			buildConfigurations = (
				B7FAD2801F967072002A2363 /* Debug */,
				B7FAD2811F967072002A2363 /* Release */,
			);
			defaultConfigurationIsVisible = 0;
			defaultConfigurationName = Release;
		};
		B7FAD2821F967072002A2363 /* Build configuration list for PBXNativeTarget "WeatherGift" */ = {
			isa = XCConfigurationList;
			buildConfigurations = (
				B7FAD2831F967072002A2363 /* Debug */,
				B7FAD2841F967072002A2363 /* Release */,
			);
			defaultConfigurationIsVisible = 0;
			defaultConfigurationName = Release;
		};
/* End XCConfigurationList section */
	};
	rootObject = B7FAD2681F967072002A2363 /* Project object */;
}
